
Microsoft Visual Studio Solution File, Format Version 12.00
# Visual Studio 15
VisualStudioVersion = 15.0.28307.1209
MinimumVisualStudioVersion = 10.0.40219.1
Project("{FAE04EC0-301F-11D3-BF4B-00C04F79EFBC}") = "cm", "cm.csproj", "{883848D3-3626-44AD-AFC9-6697C222A58B}"
EndProject
Global
	GlobalSection(SolutionConfigurationPlatforms) = preSolution
		Debug|Any CPU = Debug|Any CPU
		Release|Any CPU = Release|Any CPU
	EndGlobalSection
	GlobalSection(ProjectConfigurationPlatforms) = postSolution
		{883848D3-3626-44AD-AFC9-6697C222A58B}.Debug|Any CPU.ActiveCfg = Debug|Any CPU
		{883848D3-3626-44AD-AFC9-6697C222A58B}.Debug|Any CPU.Build.0 = Debug|Any CPU
		{883848D3-3626-44AD-AFC9-6697C222A58B}.Release|Any CPU.ActiveCfg = Release|Any CPU
		{883848D3-3626-44AD-AFC9-6697C222A58B}.Release|Any CPU.Build.0 = Release|Any CPU
	EndGlobalSection
	GlobalSection(SolutionProperties) = preSolution
		HideSolutionNode = FALSE
	EndGlobalSection
	GlobalSection(ExtensibilityGlobals) = postSolution
		SolutionGuid = {6174F156-4EE8-4601-B601-548A1D22A025}
	EndGlobalSection
EndGlobal
